// !$*UTF8*$!
{
	archiveVersion = 1;
	classes = {
	};
	objectVersion = 48;
	objects = {

/* Begin PBXBuildFile section */
		187EB6C620190F8E00C8DC19 /* AppDelegate.swift in Sources */ = {isa = PBXBuildFile; fileRef = 187EB6C520190F8E00C8DC19 /* AppDelegate.swift */; };
		187EB6C820190F8E00C8DC19 /* ViewController.swift in Sources */ = {isa = PBXBuildFile; fileRef = 187EB6C720190F8E00C8DC19 /* ViewController.swift */; };
		187EB6CB20190F8E00C8DC19 /* Main.storyboard in Resources */ = {isa = PBXBuildFile; fileRef = 187EB6C920190F8E00C8DC19 /* Main.storyboard */; };
		187EB6CD20190F8E00C8DC19 /* Assets.xcassets in Resources */ = {isa = PBXBuildFile; fileRef = 187EB6CC20190F8E00C8DC19 /* Assets.xcassets */; };
		187EB6D020190F8E00C8DC19 /* LaunchScreen.storyboard in Resources */ = {isa = PBXBuildFile; fileRef = 187EB6CE20190F8E00C8DC19 /* LaunchScreen.storyboard */; };
		187EB6D92019107A00C8DC19 /* CITreeViewData.swift in Sources */ = {isa = PBXBuildFile; fileRef = 187EB6D82019107A00C8DC19 /* CITreeViewData.swift */; };
		187EB6DB2019164F00C8DC19 /* CITreeViewNode.swift in Sources */ = {isa = PBXBuildFile; fileRef = 187EB6DA2019164F00C8DC19 /* CITreeViewNode.swift */; };
		187EB6DD2019169B00C8DC19 /* CITreeViewController.swift in Sources */ = {isa = PBXBuildFile; fileRef = 187EB6DC2019169B00C8DC19 /* CITreeViewController.swift */; };
		187EB6DF2019186200C8DC19 /* CITreeView.swift in Sources */ = {isa = PBXBuildFile; fileRef = 187EB6DE2019186200C8DC19 /* CITreeView.swift */; };
		187EB6E320191BFF00C8DC19 /* CITreeViewCell.swift in Sources */ = {isa = PBXBuildFile; fileRef = 187EB6E120191BFF00C8DC19 /* CITreeViewCell.swift */; };
		187EB6E420191BFF00C8DC19 /* CITreeViewCell.xib in Resources */ = {isa = PBXBuildFile; fileRef = 187EB6E220191BFF00C8DC19 /* CITreeViewCell.xib */; };
/* End PBXBuildFile section */

/* Begin PBXFileReference section */
		187EB6C220190F8E00C8DC19 /* CITreeView.app */ = {isa = PBXFileReference; explicitFileType = wrapper.application; includeInIndex = 0; path = CITreeView.app; sourceTree = BUILT_PRODUCTS_DIR; };
		187EB6C520190F8E00C8DC19 /* AppDelegate.swift */ = {isa = PBXFileReference; lastKnownFileType = sourcecode.swift; path = AppDelegate.swift; sourceTree = "<group>"; };
		187EB6C720190F8E00C8DC19 /* ViewController.swift */ = {isa = PBXFileReference; lastKnownFileType = sourcecode.swift; path = ViewController.swift; sourceTree = "<group>"; };
		187EB6CA20190F8E00C8DC19 /* Base */ = {isa = PBXFileReference; lastKnownFileType = file.storyboard; name = Base; path = Base.lproj/Main.storyboard; sourceTree = "<group>"; };
		187EB6CC20190F8E00C8DC19 /* Assets.xcassets */ = {isa = PBXFileReference; lastKnownFileType = folder.assetcatalog; path = Assets.xcassets; sourceTree = "<group>"; };
		187EB6CF20190F8E00C8DC19 /* Base */ = {isa = PBXFileReference; lastKnownFileType = file.storyboard; name = Base; path = Base.lproj/LaunchScreen.storyboard; sourceTree = "<group>"; };
		187EB6D120190F8E00C8DC19 /* Info.plist */ = {isa = PBXFileReference; lastKnownFileType = text.plist.xml; path = Info.plist; sourceTree = "<group>"; };
		187EB6D82019107A00C8DC19 /* CITreeViewData.swift */ = {isa = PBXFileReference; lastKnownFileType = sourcecode.swift; path = CITreeViewData.swift; sourceTree = "<group>"; };
		187EB6DA2019164F00C8DC19 /* CITreeViewNode.swift */ = {isa = PBXFileReference; lastKnownFileType = sourcecode.swift; path = CITreeViewNode.swift; sourceTree = "<group>"; };
		187EB6DC2019169B00C8DC19 /* CITreeViewController.swift */ = {isa = PBXFileReference; lastKnownFileType = sourcecode.swift; path = CITreeViewController.swift; sourceTree = "<group>"; };
		187EB6DE2019186200C8DC19 /* CITreeView.swift */ = {isa = PBXFileReference; lastKnownFileType = sourcecode.swift; path = CITreeView.swift; sourceTree = "<group>"; };
		187EB6E120191BFF00C8DC19 /* CITreeViewCell.swift */ = {isa = PBXFileReference; lastKnownFileType = sourcecode.swift; path = CITreeViewCell.swift; sourceTree = "<group>"; };
		187EB6E220191BFF00C8DC19 /* CITreeViewCell.xib */ = {isa = PBXFileReference; lastKnownFileType = file.xib; path = CITreeViewCell.xib; sourceTree = "<group>"; };
/* End PBXFileReference section */

/* Begin PBXFrameworksBuildPhase section */
		187EB6BF20190F8E00C8DC19 /* Frameworks */ = {
			isa = PBXFrameworksBuildPhase;
			buildActionMask = 2147483647;
			files = (
			);
			runOnlyForDeploymentPostprocessing = 0;
		};
/* End PBXFrameworksBuildPhase section */

/* Begin PBXGroup section */
		187EB6B920190F8E00C8DC19 = {
			isa = PBXGroup;
			children = (
				187EB6C420190F8E00C8DC19 /* CITreeView */,
				187EB6C320190F8E00C8DC19 /* Products */,
			);
			sourceTree = "<group>";
		};
		187EB6C320190F8E00C8DC19 /* Products */ = {
			isa = PBXGroup;
			children = (
				187EB6C220190F8E00C8DC19 /* CITreeView.app */,
			);
			name = Products;
			sourceTree = "<group>";
		};
		187EB6C420190F8E00C8DC19 /* CITreeView */ = {
			isa = PBXGroup;
			children = (
				187EB6E620191F2200C8DC19 /* Models */,
				187EB6E520191CFB00C8DC19 /* Controllers */,
				187EB6E020191BE600C8DC19 /* Views */,
				187EB6D72019102C00C8DC19 /* CITreeViewClasses */,
				187EB6C520190F8E00C8DC19 /* AppDelegate.swift */,
				187EB6C920190F8E00C8DC19 /* Main.storyboard */,
				187EB6CC20190F8E00C8DC19 /* Assets.xcassets */,
				187EB6CE20190F8E00C8DC19 /* LaunchScreen.storyboard */,
				187EB6D120190F8E00C8DC19 /* Info.plist */,
			);
			path = CITreeView;
			sourceTree = "<group>";
		};
		187EB6D72019102C00C8DC19 /* CITreeViewClasses */ = {
			isa = PBXGroup;
			children = (
				187EB6DA2019164F00C8DC19 /* CITreeViewNode.swift */,
				187EB6DC2019169B00C8DC19 /* CITreeViewController.swift */,
				187EB6DE2019186200C8DC19 /* CITreeView.swift */,
			);
			path = CITreeViewClasses;
			sourceTree = "<group>";
		};
		187EB6E020191BE600C8DC19 /* Views */ = {
			isa = PBXGroup;
			children = (
				187EB6E120191BFF00C8DC19 /* CITreeViewCell.swift */,
				187EB6E220191BFF00C8DC19 /* CITreeViewCell.xib */,
			);
			path = Views;
			sourceTree = "<group>";
		};
		187EB6E520191CFB00C8DC19 /* Controllers */ = {
			isa = PBXGroup;
			children = (
				187EB6C720190F8E00C8DC19 /* ViewController.swift */,
			);
			path = Controllers;
			sourceTree = "<group>";
		};
		187EB6E620191F2200C8DC19 /* Models */ = {
			isa = PBXGroup;
			children = (
				187EB6D82019107A00C8DC19 /* CITreeViewData.swift */,
			);
			path = Models;
			sourceTree = "<group>";
		};
/* End PBXGroup section */

/* Begin PBXNativeTarget section */
		187EB6C120190F8E00C8DC19 /* CITreeView */ = {
			isa = PBXNativeTarget;
			buildConfigurationList = 187EB6D420190F8E00C8DC19 /* Build configuration list for PBXNativeTarget "CITreeView" */;
			buildPhases = (
				187EB6BE20190F8E00C8DC19 /* Sources */,
				187EB6BF20190F8E00C8DC19 /* Frameworks */,
				187EB6C020190F8E00C8DC19 /* Resources */,
			);
			buildRules = (
			);
			dependencies = (
			);
			name = CITreeView;
			productName = CITreeView;
			productReference = 187EB6C220190F8E00C8DC19 /* CITreeView.app */;
			productType = "com.apple.product-type.application";
		};
/* End PBXNativeTarget section */

/* Begin PBXProject section */
		187EB6BA20190F8E00C8DC19 /* Project object */ = {
			isa = PBXProject;
			attributes = {
				LastSwiftUpdateCheck = 0920;
				LastUpgradeCheck = 0920;
				ORGANIZATIONNAME = "Cenk Işık";
				TargetAttributes = {
					187EB6C120190F8E00C8DC19 = {
						CreatedOnToolsVersion = 9.2;
						ProvisioningStyle = Automatic;
					};
				};
			};
			buildConfigurationList = 187EB6BD20190F8E00C8DC19 /* Build configuration list for PBXProject "CITreeView" */;
			compatibilityVersion = "Xcode 8.0";
			developmentRegion = en;
			hasScannedForEncodings = 0;
			knownRegions = (
				en,
				Base,
			);
			mainGroup = 187EB6B920190F8E00C8DC19;
			productRefGroup = 187EB6C320190F8E00C8DC19 /* Products */;
			projectDirPath = "";
			projectRoot = "";
			targets = (
				187EB6C120190F8E00C8DC19 /* CITreeView */,
			);
		};
/* End PBXProject section */

/* Begin PBXResourcesBuildPhase section */
		187EB6C020190F8E00C8DC19 /* Resources */ = {
			isa = PBXResourcesBuildPhase;
			buildActionMask = 2147483647;
			files = (
				187EB6D020190F8E00C8DC19 /* LaunchScreen.storyboard in Resources */,
				187EB6CD20190F8E00C8DC19 /* Assets.xcassets in Resources */,
				187EB6E420191BFF00C8DC19 /* CITreeViewCell.xib in Resources */,
				187EB6CB20190F8E00C8DC19 /* Main.storyboard in Resources */,
			);
			runOnlyForDeploymentPostprocessing = 0;
		};
/* End PBXResourcesBuildPhase section */

/* Begin PBXSourcesBuildPhase section */
		187EB6BE20190F8E00C8DC19 /* Sources */ = {
			isa = PBXSourcesBuildPhase;
			buildActionMask = 2147483647;
			files = (
				187EB6DB2019164F00C8DC19 /* CITreeViewNode.swift in Sources */,
				187EB6D92019107A00C8DC19 /* CITreeViewData.swift in Sources */,
				187EB6DD2019169B00C8DC19 /* CITreeViewController.swift in Sources */,
				187EB6C820190F8E00C8DC19 /* ViewController.swift in Sources */,
				187EB6E320191BFF00C8DC19 /* CITreeViewCell.swift in Sources */,
				187EB6DF2019186200C8DC19 /* CITreeView.swift in Sources */,
				187EB6C620190F8E00C8DC19 /* AppDelegate.swift in Sources */,
			);
			runOnlyForDeploymentPostprocessing = 0;
		};
/* End PBXSourcesBuildPhase section */

/* Begin PBXVariantGroup section */
		187EB6C920190F8E00C8DC19 /* Main.storyboard */ = {
			isa = PBXVariantGroup;
			children = (
				187EB6CA20190F8E00C8DC19 /* Base */,
			);
			name = Main.storyboard;
			sourceTree = "<group>";
		};
		187EB6CE20190F8E00C8DC19 /* LaunchScreen.storyboard */ = {
			isa = PBXVariantGroup;
			children = (
				187EB6CF20190F8E00C8DC19 /* Base */,
			);
			name = LaunchScreen.storyboard;
			sourceTree = "<group>";
		};
/* End PBXVariantGroup section */

/* Begin XCBuildConfiguration section */
		187EB6D220190F8E00C8DC19 /* Debug */ = {
			isa = XCBuildConfiguration;
			buildSettings = {
				ALWAYS_SEARCH_USER_PATHS = NO;
				CLANG_ANALYZER_NONNULL = YES;
				CLANG_ANALYZER_NUMBER_OBJECT_CONVERSION = YES_AGGRESSIVE;
				CLANG_CXX_LANGUAGE_STANDARD = "gnu++14";
				CLANG_CXX_LIBRARY = "libc++";
				CLANG_ENABLE_MODULES = YES;
				CLANG_ENABLE_OBJC_ARC = YES;
				CLANG_WARN_BLOCK_CAPTURE_AUTORELEASING = YES;
				CLANG_WARN_BOOL_CONVERSION = YES;
				CLANG_WARN_COMMA = YES;
				CLANG_WARN_CONSTANT_CONVERSION = YES;
				CLANG_WARN_DIRECT_OBJC_ISA_USAGE = YES_ERROR;
				CLANG_WARN_DOCUMENTATION_COMMENTS = YES;
				CLANG_WARN_EMPTY_BODY = YES;
				CLANG_WARN_ENUM_CONVERSION = YES;
				CLANG_WARN_INFINITE_RECURSION = YES;
				CLANG_WARN_INT_CONVERSION = YES;
				CLANG_WARN_NON_LITERAL_NULL_CONVERSION = YES;
				CLANG_WARN_OBJC_LITERAL_CONVERSION = YES;
				CLANG_WARN_OBJC_ROOT_CLASS = YES_ERROR;
				CLANG_WARN_RANGE_LOOP_ANALYSIS = YES;
				CLANG_WARN_STRICT_PROTOTYPES = YES;
				CLANG_WARN_SUSPICIOUS_MOVE = YES;
				CLANG_WARN_UNGUARDED_AVAILABILITY = YES_AGGRESSIVE;
				CLANG_WARN_UNREACHABLE_CODE = YES;
				CLANG_WARN__DUPLICATE_METHOD_MATCH = YES;
				CODE_SIGN_IDENTITY = "iPhone Developer";
				COPY_PHASE_STRIP = NO;
				DEBUG_INFORMATION_FORMAT = dwarf;
				ENABLE_STRICT_OBJC_MSGSEND = YES;
				ENABLE_TESTABILITY = YES;
				GCC_C_LANGUAGE_STANDARD = gnu11;
				GCC_DYNAMIC_NO_PIC = NO;
				GCC_NO_COMMON_BLOCKS = YES;
				GCC_OPTIMIZATION_LEVEL = 0;
				GCC_PREPROCESSOR_DEFINITIONS = (
					"DEBUG=1",
					"$(inherited)",
				);
				GCC_WARN_64_TO_32_BIT_CONVERSION = YES;
				GCC_WARN_ABOUT_RETURN_TYPE = YES_ERROR;
				GCC_WARN_UNDECLARED_SELECTOR = YES;
				GCC_WARN_UNINITIALIZED_AUTOS = YES_AGGRESSIVE;
				GCC_WARN_UNUSED_FUNCTION = YES;
				GCC_WARN_UNUSED_VARIABLE = YES;
				IPHONEOS_DEPLOYMENT_TARGET = 11.2;
				MTL_ENABLE_DEBUG_INFO = YES;
				ONLY_ACTIVE_ARCH = YES;
				SDKROOT = iphoneos;
				SWIFT_ACTIVE_COMPILATION_CONDITIONS = DEBUG;
				SWIFT_OPTIMIZATION_LEVEL = "-Onone";
			};
			name = Debug;
		};
		187EB6D320190F8E00C8DC19 /* Release */ = {
			isa = XCBuildConfiguration;
			buildSettings = {
				ALWAYS_SEARCH_USER_PATHS = NO;
				CLANG_ANALYZER_NONNULL = YES;
				CLANG_ANALYZER_NUMBER_OBJECT_CONVERSION = YES_AGGRESSIVE;
				CLANG_CXX_LANGUAGE_STANDARD = "gnu++14";
				CLANG_CXX_LIBRARY = "libc++";
				CLANG_ENABLE_MODULES = YES;
				CLANG_ENABLE_OBJC_ARC = YES;
				CLANG_WARN_BLOCK_CAPTURE_AUTORELEASING = YES;
				CLANG_WARN_BOOL_CONVERSION = YES;
				CLANG_WARN_COMMA = YES;
				CLANG_WARN_CONSTANT_CONVERSION = YES;
				CLANG_WARN_DIRECT_OBJC_ISA_USAGE = YES_ERROR;
				CLANG_WARN_DOCUMENTATION_COMMENTS = YES;
				CLANG_WARN_EMPTY_BODY = YES;
				CLANG_WARN_ENUM_CONVERSION = YES;
				CLANG_WARN_INFINITE_RECURSION = YES;
				CLANG_WARN_INT_CONVERSION = YES;
				CLANG_WARN_NON_LITERAL_NULL_CONVERSION = YES;
				CLANG_WARN_OBJC_LITERAL_CONVERSION = YES;
				CLANG_WARN_OBJC_ROOT_CLASS = YES_ERROR;
				CLANG_WARN_RANGE_LOOP_ANALYSIS = YES;
				CLANG_WARN_STRICT_PROTOTYPES = YES;
				CLANG_WARN_SUSPICIOUS_MOVE = YES;
				CLANG_WARN_UNGUARDED_AVAILABILITY = YES_AGGRESSIVE;
				CLANG_WARN_UNREACHABLE_CODE = YES;
				CLANG_WARN__DUPLICATE_METHOD_MATCH = YES;
				CODE_SIGN_IDENTITY = "iPhone Developer";
				COPY_PHASE_STRIP = NO;
				DEBUG_INFORMATION_FORMAT = "dwarf-with-dsym";
				ENABLE_NS_ASSERTIONS = NO;
				ENABLE_STRICT_OBJC_MSGSEND = YES;
				GCC_C_LANGUAGE_STANDARD = gnu11;
				GCC_NO_COMMON_BLOCKS = YES;
				GCC_WARN_64_TO_32_BIT_CONVERSION = YES;
				GCC_WARN_ABOUT_RETURN_TYPE = YES_ERROR;
				GCC_WARN_UNDECLARED_SELECTOR = YES;
				GCC_WARN_UNINITIALIZED_AUTOS = YES_AGGRESSIVE;
				GCC_WARN_UNUSED_FUNCTION = YES;
				GCC_WARN_UNUSED_VARIABLE = YES;
				IPHONEOS_DEPLOYMENT_TARGET = 11.2;
				MTL_ENABLE_DEBUG_INFO = NO;
				SDKROOT = iphoneos;
				SWIFT_OPTIMIZATION_LEVEL = "-Owholemodule";
				VALIDATE_PRODUCT = YES;
			};
			name = Release;
		};
		187EB6D520190F8E00C8DC19 /* Debug */ = {
			isa = XCBuildConfiguration;
			buildSettings = {
				ASSETCATALOG_COMPILER_APPICON_NAME = AppIcon;
				CODE_SIGN_STYLE = Automatic;
				INFOPLIST_FILE = CITreeView/Info.plist;
				LD_RUNPATH_SEARCH_PATHS = "$(inherited) @executable_path/Frameworks";
				PRODUCT_BUNDLE_IDENTIFIER = com.cenkisik.CITreeView;
				PRODUCT_NAME = "$(TARGET_NAME)";
				SWIFT_VERSION = 4.0;
				TARGETED_DEVICE_FAMILY = "1,2";
			};
			name = Debug;
		};
		187EB6D620190F8E00C8DC19 /* Release */ = {
			isa = XCBuildConfiguration;
			buildSettings = {
				ASSETCATALOG_COMPILER_APPICON_NAME = AppIcon;
				CODE_SIGN_STYLE = Automatic;
				INFOPLIST_FILE = CITreeView/Info.plist;
				LD_RUNPATH_SEARCH_PATHS = "$(inherited) @executable_path/Frameworks";
				PRODUCT_BUNDLE_IDENTIFIER = com.cenkisik.CITreeView;
				PRODUCT_NAME = "$(TARGET_NAME)";
				SWIFT_VERSION = 4.0;
				TARGETED_DEVICE_FAMILY = "1,2";
			};
			name = Release;
		};
/* End XCBuildConfiguration section */

/* Begin XCConfigurationList section */
		187EB6BD20190F8E00C8DC19 /* Build configuration list for PBXProject "CITreeView" */ = {
			isa = XCConfigurationList;
			buildConfigurations = (
				187EB6D220190F8E00C8DC19 /* Debug */,
				187EB6D320190F8E00C8DC19 /* Release */,
			);
			defaultConfigurationIsVisible = 0;
			defaultConfigurationName = Release;
		};
		187EB6D420190F8E00C8DC19 /* Build configuration list for PBXNativeTarget "CITreeView" */ = {
			isa = XCConfigurationList;
			buildConfigurations = (
				187EB6D520190F8E00C8DC19 /* Debug */,
				187EB6D620190F8E00C8DC19 /* Release */,
			);
			defaultConfigurationIsVisible = 0;
			defaultConfigurationName = Release;
		};
/* End XCConfigurationList section */
	};
	rootObject = 187EB6BA20190F8E00C8DC19 /* Project object */;
}
